
Microsoft Visual Studio Solution File, Format Version 12.00
# Visual Studio Version 17
VisualStudioVersion = 17.14.36401.2 d17.14
MinimumVisualStudioVersion = 10.0.40219.1
Project("{FAE04EC0-301F-11D3-BF4B-00C04F79EFBC}") = "DecodeSecretMessage", "DecodeSecretMessage.csproj", "{81F34916-B74F-2D9F-E663-B9BA69EDE2B6}"
EndProject
Global
	GlobalSection(SolutionConfigurationPlatforms) = preSolution
		Debug|Any CPU = Debug|Any CPU
		Release|Any CPU = Release|Any CPU
	EndGlobalSection
	GlobalSection(ProjectConfigurationPlatforms) = postSolution
		{81F34916-B74F-2D9F-E663-B9BA69EDE2B6}.Debug|Any CPU.ActiveCfg = Debug|Any CPU
		{81F34916-B74F-2D9F-E663-B9BA69EDE2B6}.Debug|Any CPU.Build.0 = Debug|Any CPU
		{81F34916-B74F-2D9F-E663-B9BA69EDE2B6}.Release|Any CPU.ActiveCfg = Release|Any CPU
		{81F34916-B74F-2D9F-E663-B9BA69EDE2B6}.Release|Any CPU.Build.0 = Release|Any CPU
	EndGlobalSection
	GlobalSection(SolutionProperties) = preSolution
		HideSolutionNode = FALSE
	EndGlobalSection
	GlobalSection(ExtensibilityGlobals) = postSolution
		SolutionGuid = {B3312B47-C3CA-43C8-8046-2078A3B5440C}
	EndGlobalSection
EndGlobal
